codeberg.org/go-pdf/fpdf v0.11.1 h1:U8+coOTDVLxHIXZgGvkfQEi/q0hYHYvEHFuGNX2GzGs=
codeberg.org/go-pdf/fpdf v0.11.1/go.mod h1:Y0DGRAdZ0OmnZPvjbMp/1bYxmIPxm0ws4tfoPOc4LjU=
cogentcore.org/core v0.3.42 h1:/L4M3TLBx7a5wJmd4xCfsn0cw7CJVprgwvkqlhGeHKQ=
cogentcore.org/core v0.3.42/go.mod h1:SaMBx/QsNkoqKCPljGnxRclPYh4WNtU/rj9PsYwfEEM=
git.sr.ht/~sbinet/overlayfs v0.1.1 h1:HvCHXT1cs8RMSjNLQXxPPosB2hgR3tRC8RniH0f3ESg=
git.sr.ht/~sbinet/overlayfs v0.1.1/go.mod h1:TmrIWKlxyPJJ7vchTqk85DUcW6IDsIa7ONLvSGIw438=
github.com/anthonynsimon/bild v0.14.0 h1:IFRkmKdNdqmexXHfEU7rPlAmdUZ8BDZEGtGHDnGWync=
github.com/anthonynsimon/bild v0.14.0/go.mod h1:hcvEAyBjTW69qkKJTfpcDQ83sSZHxwOunsseDfeQhUs=
github.com/aymerick/douceur v0.2.0 h1:Mv+mAeH1Q+n9Fr+oyamOlAkUNPWPlA8PPGR0QAaYuPk=
github.com/aymerick/douceur v0.2.0/go.mod h1:wlT5vV2O3h55X9m7iVYN0TBM0NH/MmbLnd30/FjWUq4=
github.com/chewxy/math32 v1.11.2 h1:IufN08Zwr1NKuWfY+4Tz55BcwKmyKKNdOP7KtumehnM=
github.com/chewxy/math32 v1.11.2/go.mod h1:dOB2rcuFrCn6UHrze36WSLVPKtzPMRAQvBvUwkSsLqs=
github.com/cogentcore/star-tex v0.7.2-0.20260625151004-a16970c7d698 h1:GsehCn/Dw8hhYAonDQO48EJz63sAAF4wxEhHmHt/xKA=
github.com/cogentcore/star-tex v0.7.2-0.20260625151004-a16970c7d698/go.mod h1:pdlQowLCSMiGfeOM6M7yz09OmR2fzlmFYcvR/u6QaRQ=
github.com/davecgh/go-spew v1.1.2-0.20180830191138-d8f796af33cc h1:U9qPSI2PIWSS1VwoXQT9A3Wy9MM3WgvqSxFWenqJduM=
github.com/davecgh/go-spew v1.1.2-0.20180830191138-d8f796af33cc/go.mod h1:J7Y8YcW2NihsgmVo/mv3lAwl/skON4iLHjSsI+c5H38=
github.com/go-fonts/latin-modern v0.3.3 h1:g2xNgI8yzdNzIVm+qvbMryB6yGPe0pSMss8QT3QwlJ0=
github.com/go-fonts/latin-modern v0.3.3/go.mod h1:tHaiWDGze4EPB0Go4cLT5M3QzRY3peya09Z/8KSCrpY=
github.com/go-text/typesetting v0.3.5-0.20260418130854-c41d02a44bec h1:qkk9+cZlaY8920dQrhY8GoI91N72f58XmJgGDkkDiaA=
github.com/go-text/typesetting v0.3.5-0.20260418130854-c41d02a44bec/go.mod h1:yW47fmJYxJsPcyNWEOGM2lNx766ZKw0cilos3XaD5YY=
github.com/go-text/typesetting-utils v0.0.0-20260327125527-fbf04b32d9ad h1:J6fi06yzug4KkyQo0hK7UZVFBIlCh7iaG38sGq7THaY=
github.com/go-text/typesetting-utils v0.0.0-20260327125527-fbf04b32d9ad/go.mod h1:3/62I4La/HBRX9TcTpBj4eipLiwzf+vhI+7whTc9V7o=
github.com/gorilla/css v1.0.1 h1:ntNaBIghp6JmvWnxbZKANoLyuXTPZ4cAMlo6RyhlbO8=
github.com/gorilla/css v1.0.1/go.mod h1:BvnYkspnSzMmwRK+b8/xgNPLiIuNZr6vbZBTPQ2A3b0=
github.com/jinzhu/copier v0.4.0 h1:w3ciUoD19shMCRargcpm0cm91ytaBhDvuRpz1ODO/U8=
github.com/jinzhu/copier v0.4.0/go.mod h1:DfbEm0FYsaqBcKcFuvmOZb218JkPGtvSHsKg8S8hyyg=
github.com/oliverbestmann/webgpu v1.33.5-0.20260523154840-fa113c1fb662 h1:5p8ACK7mXsdgyRjASbRd6kgVf9mctHDgF8Fn4MfFvBg=
github.com/oliverbestmann/webgpu v1.33.5-0.20260523154840-fa113c1fb662/go.mod h1:vtdJTC9gIdqmU42NDGfsq70dco6K+dCYC2vkvE4RD2I=
github.com/pmezard/go-difflib v1.0.1-0.20181226105442-5d4384ee4fb2 h1:Jamvg5psRIccs7FGNTlIRMkT8wgtp5eCXdBlqhYGL6U=
github.com/pmezard/go-difflib v1.0.1-0.20181226105442-5d4384ee4fb2/go.mod h1:iKH77koFhYxTK1pcRnkKkqfTogsbg7gZNVY4sRDYZ/4=
github.com/stretchr/testify v1.11.1 h1:7s2iGBzp5EwR7/aIZr8ao5+dra3wiQyKjjFuvgVKu7U=
github.com/stretchr/testify v1.11.1/go.mod h1:wZwfW3scLgRK+23gO65QZefKpKQRnfz6sD981Nm4B6U=
github.com/tdewolff/parse/v2 v2.8.5 h1:ZmBiA/8Do5Rpk7bDye0jbbDUpXXbCdc3iah4VeUvwYU=
github.com/tdewolff/parse/v2 v2.8.5/go.mod h1:Hwlni2tiVNKyzR1o6nUs4FOF07URA+JLBLd6dlIXYqo=
github.com/tdewolff/test v1.0.11 h1:FdLbwQVHxqG16SlkGveC0JVyrJN62COWTRyUFzfbtBE=
github.com/tdewolff/test v1.0.11/go.mod h1:XPuWBzvdUzhCuxWO1ojpXsyzsA5bFoS3tO/Q3kFuTG8=
golang.org/x/exp v0.0.0-20260112195511-716be5621a96 h1:Z/6YuSHTLOHfNFdb8zVZomZr7cqNgTJvA8+Qz75D8gU=
golang.org/x/exp v0.0.0-20260112195511-716be5621a96/go.mod h1:nzimsREAkjBCIEFtHiYkrJyT+2uy9YZJB7H1k68CXZU=
golang.org/x/image v0.44.0 h1:+tDekMZED9+LrtB3G5xzRggpVh9CARjZqROla3R3R+I=
golang.org/x/image v0.44.0/go.mod h1:V8K3KE9KKKE+pLpQDOeN18w9oacNSvy1tDOirTu4xtY=
golang.org/x/net v0.57.0 h1:K5+3DljvIuDG9/Jv9rvyMywYNFCQ9RSUY6OOTTkT+tE=
golang.org/x/net v0.57.0/go.mod h1:KpXc8iv+r3XplLAG/f7Jsf9RPszJzdR0f58q9vGOuEU=
golang.org/x/text v0.40.0 h1:Ub2Z6/xjgF1WrYQz2nuITOEegKFtiIy+rieRJ5lHZKs=
golang.org/x/text v0.40.0/go.mod h1:hpnzDAfGV753zIKo+wk3u1bVKCGPbrnF7+7LBF/UHVY=
gopkg.in/yaml.v3 v3.0.1 h1:fxVm/GzAzEWqLHuvctI91KS9hhNmmWOoWu0XTYJS7CA=
gopkg.in/yaml.v3 v3.0.1/go.mod h1:K4uyk7z7BCEPqu6E+C64Yfv1cQ7kz7rIZviUmN+EgEM=
modernc.org/knuth v0.5.5 h1:6lap2U/ISm8aC/4NU58ALFCRllNPaK0EZcIGY/oDgUg=
modernc.org/knuth v0.5.5/go.mod h1:e5SBb35HQBj2aFwbBO3ClPcViLY3Wi0LzaOd7c/3qMk=
modernc.org/token v1.1.0 h1:Xl7Ap9dKaEs5kLoOQeQmPWevfnk/DM5qcLcYlA8ys6Y=
modernc.org/token v1.1.0/go.mod h1:UGzOrNV1mAFSEB63lOFHIpNRUVMvYTc6yu1SMY/XTDM=
